
Microsoft Visual Studio Solution File, Format Version 12.00
# Visual Studio Version 17
VisualStudioVersion = 17.14.36603.0 d17.14
MinimumVisualStudioVersion = 10.0.40219.1
Project("{FAE04EC0-301F-11D3-BF4B-00C04F79EFBC}") = "CareFirstClinic.API", "CareFirstClinic.API\CareFirstClinic.API.csproj", "{CA74D31C-C60D-4931-914A-ADEB14E7B4D4}"
EndProject
Global
	GlobalSection(SolutionConfigurationPlatforms) = preSolution
		Debug|Any CPU = Debug|Any CPU
		Release|Any CPU = Release|Any CPU
	EndGlobalSection
	GlobalSection(ProjectConfigurationPlatforms) = postSolution
		{CA74D31C-C60D-4931-914A-ADEB14E7B4D4}.Debug|Any CPU.ActiveCfg = Debug|Any CPU
		{CA74D31C-C60D-4931-914A-ADEB14E7B4D4}.Debug|Any CPU.Build.0 = Debug|Any CPU
		{CA74D31C-C60D-4931-914A-ADEB14E7B4D4}.Release|Any CPU.ActiveCfg = Release|Any CPU
		{CA74D31C-C60D-4931-914A-ADEB14E7B4D4}.Release|Any CPU.Build.0 = Release|Any CPU
	EndGlobalSection
	GlobalSection(SolutionProperties) = preSolution
		HideSolutionNode = FALSE
	EndGlobalSection
	GlobalSection(ExtensibilityGlobals) = postSolution
		SolutionGuid = {78ED8844-45A8-4DF9-AAA3-F0083E0590C9}
	EndGlobalSection
EndGlobal
