{
  "name": "src",
  "lockfileVersion": 3,
  "requires": true,
  "packages": {
    "": {
      "dependencies": {
        "@tailwindcss/postcss": "^4.1.17"
      }
    },
    "node_modules/@tailwindcss/postcss": {
      "version": "4.1.17",
      "resolved": "https://registry.npmjs.org/@tailwindcss/postcss/-/postcss-4.1.17.tgz#8eddd7d7df140a92f61f76f8325793a9f0050839",
      "integrity": "sha512-s73K83Q7tKq5vR1eR+F7fWnK3qB89/C8Tz9F08J90W9PqI9vK+HqE7pW6114v6hC2jK3jK3jK3jK3jK3jK3",
      "dependencies": {
        "postcss": "^8.4.31"
      }
    },
    "node_modules/nanoid": {
      "version": "3.3.4",
      "resolved": "https://registry.npmjs.org/nanoid/-/nanoid-3.3.4.tgz#965a87f1020ba7a429d31a547858645d9f5b4f6b",
      "integrity": "sha512-89uKGKIyT6Q7KjP6+4D+h3VbYp4G9e3K6N6/l5j5i9r0O4xV4T8c4/1v3j0x9K6G5G4J4O2K6G5G4J4O2K6",
      "funding": {
        "url": "https://github.com/sponsors/ai"
      }
    },
    "node_modules/postcss": {
      "version": "8.4.31",
      "resolved": "https://registry.npmjs.org/postcss/-/postcss-8.4.31.tgz#622b5b014171d6b4f7a0a4c56789012345678901",
      "integrity": "sha512-622b5b014171d6b4f7a0a4c56789012345678901",
      "peer": true,
      "peerOptional": true,
      "dependencies": {
        "nanoid": "^3.3.4"
      }
    }
  }
}